// !$*UTF8*$!
{
	archiveVersion = 1;
	classes = {
	};
	objectVersion = 56;
	objects = {

/* Begin PBXBuildFile section */
		B698F53329FEC6CA0044359E /* AppDelegate.swift in Sources */ = {isa = PBXBuildFile; fileRef = B698F53229FEC6CA0044359E /* AppDelegate.swift */; };
		B698F53529FEC6CA0044359E /* SceneDelegate.swift in Sources */ = {isa = PBXBuildFile; fileRef = B698F53429FEC6CA0044359E /* SceneDelegate.swift */; };
		B698F53729FEC6CA0044359E /* RMCharacterViewController.swift in Sources */ = {isa = PBXBuildFile; fileRef = B698F53629FEC6CA0044359E /* RMCharacterViewController.swift */; };
		B698F53C29FEC6CC0044359E /* Assets.xcassets in Resources */ = {isa = PBXBuildFile; fileRef = B698F53B29FEC6CC0044359E /* Assets.xcassets */; };
		B698F53F29FEC6CC0044359E /* LaunchScreen.storyboard in Resources */ = {isa = PBXBuildFile; fileRef = B698F53D29FEC6CC0044359E /* LaunchScreen.storyboard */; };
		B698F54B29FEC82B0044359E /* RMCharacterView.swift in Sources */ = {isa = PBXBuildFile; fileRef = B698F54A29FEC82B0044359E /* RMCharacterView.swift */; };
		B698F54D29FEC85B0044359E /* RMCharacterViewModel.swift in Sources */ = {isa = PBXBuildFile; fileRef = B698F54C29FEC85B0044359E /* RMCharacterViewModel.swift */; };
		B698F54F29FEC8950044359E /* Coordinator.swift in Sources */ = {isa = PBXBuildFile; fileRef = B698F54E29FEC8950044359E /* Coordinator.swift */; };
		B698F55329FECB900044359E /* RequestService.swift in Sources */ = {isa = PBXBuildFile; fileRef = B698F55229FECB900044359E /* RequestService.swift */; };
		B698F55529FECEFE0044359E /* RMCharacter.swift in Sources */ = {isa = PBXBuildFile; fileRef = B698F55429FECEFE0044359E /* RMCharacter.swift */; };
		B698F55929FECFAA0044359E /* ServiceBasePath.swift in Sources */ = {isa = PBXBuildFile; fileRef = B698F55829FECFAA0044359E /* ServiceBasePath.swift */; };
		B698F55C29FED0290044359E /* ServiceEndpoint.swift in Sources */ = {isa = PBXBuildFile; fileRef = B698F55B29FED0290044359E /* ServiceEndpoint.swift */; };
		B698F55F29FED1010044359E /* ServiceParam.swift in Sources */ = {isa = PBXBuildFile; fileRef = B698F55E29FED1010044359E /* ServiceParam.swift */; };
		B698F56129FED1700044359E /* Worker.swift in Sources */ = {isa = PBXBuildFile; fileRef = B698F56029FED1700044359E /* Worker.swift */; };
		B698F56329FED8280044359E /* RMLocation.swift in Sources */ = {isa = PBXBuildFile; fileRef = B698F56229FED8280044359E /* RMLocation.swift */; };
		B698F56529FED9A60044359E /* RMEpisode.swift in Sources */ = {isa = PBXBuildFile; fileRef = B698F56429FED9A60044359E /* RMEpisode.swift */; };
		B698F56829FEE4F50044359E /* RMCharacterCollectionViewCell.swift in Sources */ = {isa = PBXBuildFile; fileRef = B698F56729FEE4F50044359E /* RMCharacterCollectionViewCell.swift */; };
		F89FD3F3BC9A00CC00FF1D33 /* Pods_CollectionViewCompositionLayout.framework in Frameworks */ = {isa = PBXBuildFile; fileRef = 2AECC7CE5AC49FAB52855260 /* Pods_CollectionViewCompositionLayout.framework */; };
/* End PBXBuildFile section */

/* Begin PBXFileReference section */
		2AECC7CE5AC49FAB52855260 /* Pods_CollectionViewCompositionLayout.framework */ = {isa = PBXFileReference; explicitFileType = wrapper.framework; includeInIndex = 0; path = Pods_CollectionViewCompositionLayout.framework; sourceTree = BUILT_PRODUCTS_DIR; };
		555D84AF6A219BD4635F105B /* Pods-CollectionViewCompositionLayout.release.xcconfig */ = {isa = PBXFileReference; includeInIndex = 1; lastKnownFileType = text.xcconfig; name = "Pods-CollectionViewCompositionLayout.release.xcconfig"; path = "Target Support Files/Pods-CollectionViewCompositionLayout/Pods-CollectionViewCompositionLayout.release.xcconfig"; sourceTree = "<group>"; };
		5D98373ECB4C29D2EAEDC955 /* Pods-CollectionViewCompositionLayout.debug.xcconfig */ = {isa = PBXFileReference; includeInIndex = 1; lastKnownFileType = text.xcconfig; name = "Pods-CollectionViewCompositionLayout.debug.xcconfig"; path = "Target Support Files/Pods-CollectionViewCompositionLayout/Pods-CollectionViewCompositionLayout.debug.xcconfig"; sourceTree = "<group>"; };
		B698F52F29FEC6CA0044359E /* CollectionViewCompositionLayout.app */ = {isa = PBXFileReference; explicitFileType = wrapper.application; includeInIndex = 0; path = CollectionViewCompositionLayout.app; sourceTree = BUILT_PRODUCTS_DIR; };
		B698F53229FEC6CA0044359E /* AppDelegate.swift */ = {isa = PBXFileReference; lastKnownFileType = sourcecode.swift; path = AppDelegate.swift; sourceTree = "<group>"; };
		B698F53429FEC6CA0044359E /* SceneDelegate.swift */ = {isa = PBXFileReference; lastKnownFileType = sourcecode.swift; path = SceneDelegate.swift; sourceTree = "<group>"; };
		B698F53629FEC6CA0044359E /* RMCharacterViewController.swift */ = {isa = PBXFileReference; lastKnownFileType = sourcecode.swift; path = RMCharacterViewController.swift; sourceTree = "<group>"; };
		B698F53B29FEC6CC0044359E /* Assets.xcassets */ = {isa = PBXFileReference; lastKnownFileType = folder.assetcatalog; path = Assets.xcassets; sourceTree = "<group>"; };
		B698F53E29FEC6CC0044359E /* Base */ = {isa = PBXFileReference; lastKnownFileType = file.storyboard; name = Base; path = Base.lproj/LaunchScreen.storyboard; sourceTree = "<group>"; };
		B698F54029FEC6CC0044359E /* Info.plist */ = {isa = PBXFileReference; lastKnownFileType = text.plist.xml; path = Info.plist; sourceTree = "<group>"; };
		B698F54A29FEC82B0044359E /* RMCharacterView.swift */ = {isa = PBXFileReference; lastKnownFileType = sourcecode.swift; path = RMCharacterView.swift; sourceTree = "<group>"; };
		B698F54C29FEC85B0044359E /* RMCharacterViewModel.swift */ = {isa = PBXFileReference; lastKnownFileType = sourcecode.swift; path = RMCharacterViewModel.swift; sourceTree = "<group>"; };
		B698F54E29FEC8950044359E /* Coordinator.swift */ = {isa = PBXFileReference; lastKnownFileType = sourcecode.swift; path = Coordinator.swift; sourceTree = "<group>"; };
		B698F55229FECB900044359E /* RequestService.swift */ = {isa = PBXFileReference; lastKnownFileType = sourcecode.swift; path = RequestService.swift; sourceTree = "<group>"; };
		B698F55429FECEFE0044359E /* RMCharacter.swift */ = {isa = PBXFileReference; lastKnownFileType = sourcecode.swift; path = RMCharacter.swift; sourceTree = "<group>"; };
		B698F55829FECFAA0044359E /* ServiceBasePath.swift */ = {isa = PBXFileReference; lastKnownFileType = sourcecode.swift; path = ServiceBasePath.swift; sourceTree = "<group>"; };
		B698F55B29FED0290044359E /* ServiceEndpoint.swift */ = {isa = PBXFileReference; lastKnownFileType = sourcecode.swift; path = ServiceEndpoint.swift; sourceTree = "<group>"; };
		B698F55E29FED1010044359E /* ServiceParam.swift */ = {isa = PBXFileReference; lastKnownFileType = sourcecode.swift; path = ServiceParam.swift; sourceTree = "<group>"; };
		B698F56029FED1700044359E /* Worker.swift */ = {isa = PBXFileReference; lastKnownFileType = sourcecode.swift; path = Worker.swift; sourceTree = "<group>"; };
		B698F56229FED8280044359E /* RMLocation.swift */ = {isa = PBXFileReference; lastKnownFileType = sourcecode.swift; path = RMLocation.swift; sourceTree = "<group>"; };
		B698F56429FED9A60044359E /* RMEpisode.swift */ = {isa = PBXFileReference; lastKnownFileType = sourcecode.swift; path = RMEpisode.swift; sourceTree = "<group>"; };
		B698F56729FEE4F50044359E /* RMCharacterCollectionViewCell.swift */ = {isa = PBXFileReference; lastKnownFileType = sourcecode.swift; path = RMCharacterCollectionViewCell.swift; sourceTree = "<group>"; };
/* End PBXFileReference section */

/* Begin PBXFrameworksBuildPhase section */
		B698F52C29FEC6CA0044359E /* Frameworks */ = {
			isa = PBXFrameworksBuildPhase;
			buildActionMask = 2147483647;
			files = (
				F89FD3F3BC9A00CC00FF1D33 /* Pods_CollectionViewCompositionLayout.framework in Frameworks */,
			);
			runOnlyForDeploymentPostprocessing = 0;
		};
/* End PBXFrameworksBuildPhase section */

/* Begin PBXGroup section */
		0D36F152FD50A8FDBDB2EE15 /* Frameworks */ = {
			isa = PBXGroup;
			children = (
				2AECC7CE5AC49FAB52855260 /* Pods_CollectionViewCompositionLayout.framework */,
			);
			name = Frameworks;
			sourceTree = "<group>";
		};
		723758DA4C4F8142F25ECCDA /* Pods */ = {
			isa = PBXGroup;
			children = (
				5D98373ECB4C29D2EAEDC955 /* Pods-CollectionViewCompositionLayout.debug.xcconfig */,
				555D84AF6A219BD4635F105B /* Pods-CollectionViewCompositionLayout.release.xcconfig */,
			);
			name = Pods;
			path = Pods;
			sourceTree = "<group>";
		};
		B698F52629FEC6CA0044359E = {
			isa = PBXGroup;
			children = (
				B698F53129FEC6CA0044359E /* CollectionViewCompositionLayout */,
				B698F54629FEC7C50044359E /* Source */,
				B698F53029FEC6CA0044359E /* Products */,
				723758DA4C4F8142F25ECCDA /* Pods */,
				0D36F152FD50A8FDBDB2EE15 /* Frameworks */,
			);
			sourceTree = "<group>";
		};
		B698F53029FEC6CA0044359E /* Products */ = {
			isa = PBXGroup;
			children = (
				B698F52F29FEC6CA0044359E /* CollectionViewCompositionLayout.app */,
			);
			name = Products;
			sourceTree = "<group>";
		};
		B698F53129FEC6CA0044359E /* CollectionViewCompositionLayout */ = {
			isa = PBXGroup;
			children = (
				B698F53229FEC6CA0044359E /* AppDelegate.swift */,
				B698F53429FEC6CA0044359E /* SceneDelegate.swift */,
				B698F53B29FEC6CC0044359E /* Assets.xcassets */,
				B698F53D29FEC6CC0044359E /* LaunchScreen.storyboard */,
				B698F54029FEC6CC0044359E /* Info.plist */,
			);
			path = CollectionViewCompositionLayout;
			sourceTree = "<group>";
		};
		B698F54629FEC7C50044359E /* Source */ = {
			isa = PBXGroup;
			children = (
				B698F54829FEC7DC0044359E /* Controllers */,
				B698F54729FEC7D30044359E /* Coordinator */,
				B698F55029FECB610044359E /* Model */,
				B698F55129FECB690044359E /* RequestService */,
				B698F55729FECF8A0044359E /* ServiceBasePath */,
				B698F55A29FED0030044359E /* ServiceEndpoint */,
				B698F55D29FED0E60044359E /* ServiceParam */,
				B698F55629FECF7D0044359E /* Worker */,
			);
			path = Source;
			sourceTree = "<group>";
		};
		B698F54729FEC7D30044359E /* Coordinator */ = {
			isa = PBXGroup;
			children = (
				B698F54E29FEC8950044359E /* Coordinator.swift */,
			);
			path = Coordinator;
			sourceTree = "<group>";
		};
		B698F54829FEC7DC0044359E /* Controllers */ = {
			isa = PBXGroup;
			children = (
				B698F54929FEC7F10044359E /* RMCharacter */,
			);
			path = Controllers;
			sourceTree = "<group>";
		};
		B698F54929FEC7F10044359E /* RMCharacter */ = {
			isa = PBXGroup;
			children = (
				B698F56629FEE4D00044359E /* RMCharacterCollectionViewCell */,
				B698F54A29FEC82B0044359E /* RMCharacterView.swift */,
				B698F53629FEC6CA0044359E /* RMCharacterViewController.swift */,
				B698F54C29FEC85B0044359E /* RMCharacterViewModel.swift */,
			);
			path = RMCharacter;
			sourceTree = "<group>";
		};
		B698F55029FECB610044359E /* Model */ = {
			isa = PBXGroup;
			children = (
				B698F55429FECEFE0044359E /* RMCharacter.swift */,
				B698F56229FED8280044359E /* RMLocation.swift */,
				B698F56429FED9A60044359E /* RMEpisode.swift */,
			);
			path = Model;
			sourceTree = "<group>";
		};
		B698F55129FECB690044359E /* RequestService */ = {
			isa = PBXGroup;
			children = (
				B698F55229FECB900044359E /* RequestService.swift */,
			);
			path = RequestService;
			sourceTree = "<group>";
		};
		B698F55629FECF7D0044359E /* Worker */ = {
			isa = PBXGroup;
			children = (
				B698F56029FED1700044359E /* Worker.swift */,
			);
			path = Worker;
			sourceTree = "<group>";
		};
		B698F55729FECF8A0044359E /* ServiceBasePath */ = {
			isa = PBXGroup;
			children = (
				B698F55829FECFAA0044359E /* ServiceBasePath.swift */,
			);
			path = ServiceBasePath;
			sourceTree = "<group>";
		};
		B698F55A29FED0030044359E /* ServiceEndpoint */ = {
			isa = PBXGroup;
			children = (
				B698F55B29FED0290044359E /* ServiceEndpoint.swift */,
			);
			path = ServiceEndpoint;
			sourceTree = "<group>";
		};
		B698F55D29FED0E60044359E /* ServiceParam */ = {
			isa = PBXGroup;
			children = (
				B698F55E29FED1010044359E /* ServiceParam.swift */,
			);
			path = ServiceParam;
			sourceTree = "<group>";
		};
		B698F56629FEE4D00044359E /* RMCharacterCollectionViewCell */ = {
			isa = PBXGroup;
			children = (
				B698F56729FEE4F50044359E /* RMCharacterCollectionViewCell.swift */,
			);
			path = RMCharacterCollectionViewCell;
			sourceTree = "<group>";
		};
/* End PBXGroup section */

/* Begin PBXNativeTarget section */
		B698F52E29FEC6CA0044359E /* CollectionViewCompositionLayout */ = {
			isa = PBXNativeTarget;
			buildConfigurationList = B698F54329FEC6CC0044359E /* Build configuration list for PBXNativeTarget "CollectionViewCompositionLayout" */;
			buildPhases = (
				ECDF949D70B118D6866A6434 /* [CP] Check Pods Manifest.lock */,
				B698F52B29FEC6CA0044359E /* Sources */,
				B698F52C29FEC6CA0044359E /* Frameworks */,
				B698F52D29FEC6CA0044359E /* Resources */,
				6DD8785C683089A3C397ABF2 /* [CP] Embed Pods Frameworks */,
			);
			buildRules = (
			);
			dependencies = (
			);
			name = CollectionViewCompositionLayout;
			productName = CollectionViewCompositionLayout;
			productReference = B698F52F29FEC6CA0044359E /* CollectionViewCompositionLayout.app */;
			productType = "com.apple.product-type.application";
		};
/* End PBXNativeTarget section */

/* Begin PBXProject section */
		B698F52729FEC6CA0044359E /* Project object */ = {
			isa = PBXProject;
			attributes = {
				BuildIndependentTargetsInParallel = 1;
				LastSwiftUpdateCheck = 1420;
				LastUpgradeCheck = 1420;
				TargetAttributes = {
					B698F52E29FEC6CA0044359E = {
						CreatedOnToolsVersion = 14.2;
					};
				};
			};
			buildConfigurationList = B698F52A29FEC6CA0044359E /* Build configuration list for PBXProject "CollectionViewCompositionLayout" */;
			compatibilityVersion = "Xcode 14.0";
			developmentRegion = en;
			hasScannedForEncodings = 0;
			knownRegions = (
				en,
				Base,
			);
			mainGroup = B698F52629FEC6CA0044359E;
			productRefGroup = B698F53029FEC6CA0044359E /* Products */;
			projectDirPath = "";
			projectRoot = "";
			targets = (
				B698F52E29FEC6CA0044359E /* CollectionViewCompositionLayout */,
			);
		};
/* End PBXProject section */

/* Begin PBXResourcesBuildPhase section */
		B698F52D29FEC6CA0044359E /* Resources */ = {
			isa = PBXResourcesBuildPhase;
			buildActionMask = 2147483647;
			files = (
				B698F53F29FEC6CC0044359E /* LaunchScreen.storyboard in Resources */,
				B698F53C29FEC6CC0044359E /* Assets.xcassets in Resources */,
			);
			runOnlyForDeploymentPostprocessing = 0;
		};
/* End PBXResourcesBuildPhase section */

/* Begin PBXShellScriptBuildPhase section */
		6DD8785C683089A3C397ABF2 /* [CP] Embed Pods Frameworks */ = {
			isa = PBXShellScriptBuildPhase;
			buildActionMask = 2147483647;
			files = (
			);
			inputFileListPaths = (
				"${PODS_ROOT}/Target Support Files/Pods-CollectionViewCompositionLayout/Pods-CollectionViewCompositionLayout-frameworks-${CONFIGURATION}-input-files.xcfilelist",
			);
			name = "[CP] Embed Pods Frameworks";
			outputFileListPaths = (
				"${PODS_ROOT}/Target Support Files/Pods-CollectionViewCompositionLayout/Pods-CollectionViewCompositionLayout-frameworks-${CONFIGURATION}-output-files.xcfilelist",
			);
			runOnlyForDeploymentPostprocessing = 0;
			shellPath = /bin/sh;
			shellScript = "\"${PODS_ROOT}/Target Support Files/Pods-CollectionViewCompositionLayout/Pods-CollectionViewCompositionLayout-frameworks.sh\"\n";
			showEnvVarsInLog = 0;
		};
		ECDF949D70B118D6866A6434 /* [CP] Check Pods Manifest.lock */ = {
			isa = PBXShellScriptBuildPhase;
			buildActionMask = 2147483647;
			files = (
			);
			inputFileListPaths = (
			);
			inputPaths = (
				"${PODS_PODFILE_DIR_PATH}/Podfile.lock",
				"${PODS_ROOT}/Manifest.lock",
			);
			name = "[CP] Check Pods Manifest.lock";
			outputFileListPaths = (
			);
			outputPaths = (
				"$(DERIVED_FILE_DIR)/Pods-CollectionViewCompositionLayout-checkManifestLockResult.txt",
			);
			runOnlyForDeploymentPostprocessing = 0;
			shellPath = /bin/sh;
			shellScript = "diff \"${PODS_PODFILE_DIR_PATH}/Podfile.lock\" \"${PODS_ROOT}/Manifest.lock\" > /dev/null\nif [ $? != 0 ] ; then\n    # print error to STDERR\n    echo \"error: The sandbox is not in sync with the Podfile.lock. Run 'pod install' or update your CocoaPods installation.\" >&2\n    exit 1\nfi\n# This output is used by Xcode 'outputs' to avoid re-running this script phase.\necho \"SUCCESS\" > \"${SCRIPT_OUTPUT_FILE_0}\"\n";
			showEnvVarsInLog = 0;
		};
/* End PBXShellScriptBuildPhase section */

/* Begin PBXSourcesBuildPhase section */
		B698F52B29FEC6CA0044359E /* Sources */ = {
			isa = PBXSourcesBuildPhase;
			buildActionMask = 2147483647;
			files = (
				B698F55529FECEFE0044359E /* RMCharacter.swift in Sources */,
				B698F56129FED1700044359E /* Worker.swift in Sources */,
				B698F56529FED9A60044359E /* RMEpisode.swift in Sources */,
				B698F53729FEC6CA0044359E /* RMCharacterViewController.swift in Sources */,
				B698F55C29FED0290044359E /* ServiceEndpoint.swift in Sources */,
				B698F56829FEE4F50044359E /* RMCharacterCollectionViewCell.swift in Sources */,
				B698F53329FEC6CA0044359E /* AppDelegate.swift in Sources */,
				B698F55329FECB900044359E /* RequestService.swift in Sources */,
				B698F56329FED8280044359E /* RMLocation.swift in Sources */,
				B698F54F29FEC8950044359E /* Coordinator.swift in Sources */,
				B698F53529FEC6CA0044359E /* SceneDelegate.swift in Sources */,
				B698F55F29FED1010044359E /* ServiceParam.swift in Sources */,
				B698F55929FECFAA0044359E /* ServiceBasePath.swift in Sources */,
				B698F54B29FEC82B0044359E /* RMCharacterView.swift in Sources */,
				B698F54D29FEC85B0044359E /* RMCharacterViewModel.swift in Sources */,
			);
			runOnlyForDeploymentPostprocessing = 0;
		};
/* End PBXSourcesBuildPhase section */

/* Begin PBXVariantGroup section */
		B698F53D29FEC6CC0044359E /* LaunchScreen.storyboard */ = {
			isa = PBXVariantGroup;
			children = (
				B698F53E29FEC6CC0044359E /* Base */,
			);
			name = LaunchScreen.storyboard;
			sourceTree = "<group>";
		};
/* End PBXVariantGroup section */

/* Begin XCBuildConfiguration section */
		B698F54129FEC6CC0044359E /* Debug */ = {
			isa = XCBuildConfiguration;
			buildSettings = {
				ALWAYS_SEARCH_USER_PATHS = NO;
				CLANG_ANALYZER_NONNULL = YES;
				CLANG_ANALYZER_NUMBER_OBJECT_CONVERSION = YES_AGGRESSIVE;
				CLANG_CXX_LANGUAGE_STANDARD = "gnu++20";
				CLANG_ENABLE_MODULES = YES;
				CLANG_ENABLE_OBJC_ARC = YES;
				CLANG_ENABLE_OBJC_WEAK = YES;
				CLANG_WARN_BLOCK_CAPTURE_AUTORELEASING = YES;
				CLANG_WARN_BOOL_CONVERSION = YES;
				CLANG_WARN_COMMA = YES;
				CLANG_WARN_CONSTANT_CONVERSION = YES;
				CLANG_WARN_DEPRECATED_OBJC_IMPLEMENTATIONS = YES;
				CLANG_WARN_DIRECT_OBJC_ISA_USAGE = YES_ERROR;
				CLANG_WARN_DOCUMENTATION_COMMENTS = YES;
				CLANG_WARN_EMPTY_BODY = YES;
				CLANG_WARN_ENUM_CONVERSION = YES;
				CLANG_WARN_INFINITE_RECURSION = YES;
				CLANG_WARN_INT_CONVERSION = YES;
				CLANG_WARN_NON_LITERAL_NULL_CONVERSION = YES;
				CLANG_WARN_OBJC_IMPLICIT_RETAIN_SELF = YES;
				CLANG_WARN_OBJC_LITERAL_CONVERSION = YES;
				CLANG_WARN_OBJC_ROOT_CLASS = YES_ERROR;
				CLANG_WARN_QUOTED_INCLUDE_IN_FRAMEWORK_HEADER = YES;
				CLANG_WARN_RANGE_LOOP_ANALYSIS = YES;
				CLANG_WARN_STRICT_PROTOTYPES = YES;
				CLANG_WARN_SUSPICIOUS_MOVE = YES;
				CLANG_WARN_UNGUARDED_AVAILABILITY = YES_AGGRESSIVE;
				CLANG_WARN_UNREACHABLE_CODE = YES;
				CLANG_WARN__DUPLICATE_METHOD_MATCH = YES;
				COPY_PHASE_STRIP = NO;
				DEBUG_INFORMATION_FORMAT = dwarf;
				ENABLE_STRICT_OBJC_MSGSEND = YES;
				ENABLE_TESTABILITY = YES;
				GCC_C_LANGUAGE_STANDARD = gnu11;
				GCC_DYNAMIC_NO_PIC = NO;
				GCC_NO_COMMON_BLOCKS = YES;
				GCC_OPTIMIZATION_LEVEL = 0;
				GCC_PREPROCESSOR_DEFINITIONS = (
					"DEBUG=1",
					"$(inherited)",
				);
				GCC_WARN_64_TO_32_BIT_CONVERSION = YES;
				GCC_WARN_ABOUT_RETURN_TYPE = YES_ERROR;
				GCC_WARN_UNDECLARED_SELECTOR = YES;
				GCC_WARN_UNINITIALIZED_AUTOS = YES_AGGRESSIVE;
				GCC_WARN_UNUSED_FUNCTION = YES;
				GCC_WARN_UNUSED_VARIABLE = YES;
				IPHONEOS_DEPLOYMENT_TARGET = 16.2;
				MTL_ENABLE_DEBUG_INFO = INCLUDE_SOURCE;
				MTL_FAST_MATH = YES;
				ONLY_ACTIVE_ARCH = YES;
				SDKROOT = iphoneos;
				SWIFT_ACTIVE_COMPILATION_CONDITIONS = DEBUG;
				SWIFT_OPTIMIZATION_LEVEL = "-Onone";
			};
			name = Debug;
		};
		B698F54229FEC6CC0044359E /* Release */ = {
			isa = XCBuildConfiguration;
			buildSettings = {
				ALWAYS_SEARCH_USER_PATHS = NO;
				CLANG_ANALYZER_NONNULL = YES;
				CLANG_ANALYZER_NUMBER_OBJECT_CONVERSION = YES_AGGRESSIVE;
				CLANG_CXX_LANGUAGE_STANDARD = "gnu++20";
				CLANG_ENABLE_MODULES = YES;
				CLANG_ENABLE_OBJC_ARC = YES;
				CLANG_ENABLE_OBJC_WEAK = YES;
				CLANG_WARN_BLOCK_CAPTURE_AUTORELEASING = YES;
				CLANG_WARN_BOOL_CONVERSION = YES;
				CLANG_WARN_COMMA = YES;
				CLANG_WARN_CONSTANT_CONVERSION = YES;
				CLANG_WARN_DEPRECATED_OBJC_IMPLEMENTATIONS = YES;
				CLANG_WARN_DIRECT_OBJC_ISA_USAGE = YES_ERROR;
				CLANG_WARN_DOCUMENTATION_COMMENTS = YES;
				CLANG_WARN_EMPTY_BODY = YES;
				CLANG_WARN_ENUM_CONVERSION = YES;
				CLANG_WARN_INFINITE_RECURSION = YES;
				CLANG_WARN_INT_CONVERSION = YES;
				CLANG_WARN_NON_LITERAL_NULL_CONVERSION = YES;
				CLANG_WARN_OBJC_IMPLICIT_RETAIN_SELF = YES;
				CLANG_WARN_OBJC_LITERAL_CONVERSION = YES;
				CLANG_WARN_OBJC_ROOT_CLASS = YES_ERROR;
				CLANG_WARN_QUOTED_INCLUDE_IN_FRAMEWORK_HEADER = YES;
				CLANG_WARN_RANGE_LOOP_ANALYSIS = YES;
				CLANG_WARN_STRICT_PROTOTYPES = YES;
				CLANG_WARN_SUSPICIOUS_MOVE = YES;
				CLANG_WARN_UNGUARDED_AVAILABILITY = YES_AGGRESSIVE;
				CLANG_WARN_UNREACHABLE_CODE = YES;
				CLANG_WARN__DUPLICATE_METHOD_MATCH = YES;
				COPY_PHASE_STRIP = NO;
				DEBUG_INFORMATION_FORMAT = "dwarf-with-dsym";
				ENABLE_NS_ASSERTIONS = NO;
				ENABLE_STRICT_OBJC_MSGSEND = YES;
				GCC_C_LANGUAGE_STANDARD = gnu11;
				GCC_NO_COMMON_BLOCKS = YES;
				GCC_WARN_64_TO_32_BIT_CONVERSION = YES;
				GCC_WARN_ABOUT_RETURN_TYPE = YES_ERROR;
				GCC_WARN_UNDECLARED_SELECTOR = YES;
				GCC_WARN_UNINITIALIZED_AUTOS = YES_AGGRESSIVE;
				GCC_WARN_UNUSED_FUNCTION = YES;
				GCC_WARN_UNUSED_VARIABLE = YES;
				IPHONEOS_DEPLOYMENT_TARGET = 16.2;
				MTL_ENABLE_DEBUG_INFO = NO;
				MTL_FAST_MATH = YES;
				SDKROOT = iphoneos;
				SWIFT_COMPILATION_MODE = wholemodule;
				SWIFT_OPTIMIZATION_LEVEL = "-O";
				VALIDATE_PRODUCT = YES;
			};
			name = Release;
		};
		B698F54429FEC6CC0044359E /* Debug */ = {
			isa = XCBuildConfiguration;
			baseConfigurationReference = 5D98373ECB4C29D2EAEDC955 /* Pods-CollectionViewCompositionLayout.debug.xcconfig */;
			buildSettings = {
				ASSETCATALOG_COMPILER_APPICON_NAME = AppIcon;
				ASSETCATALOG_COMPILER_GLOBAL_ACCENT_COLOR_NAME = AccentColor;
				CODE_SIGN_STYLE = Automatic;
				CURRENT_PROJECT_VERSION = 1;
				GENERATE_INFOPLIST_FILE = YES;
				INFOPLIST_FILE = CollectionViewCompositionLayout/Info.plist;
				INFOPLIST_KEY_UIApplicationSupportsIndirectInputEvents = YES;
				INFOPLIST_KEY_UILaunchStoryboardName = LaunchScreen;
				INFOPLIST_KEY_UIMainStoryboardFile = "";
				INFOPLIST_KEY_UISupportedInterfaceOrientations_iPad = "UIInterfaceOrientationPortrait UIInterfaceOrientationPortraitUpsideDown UIInterfaceOrientationLandscapeLeft UIInterfaceOrientationLandscapeRight";
				INFOPLIST_KEY_UISupportedInterfaceOrientations_iPhone = "UIInterfaceOrientationPortrait UIInterfaceOrientationLandscapeLeft UIInterfaceOrientationLandscapeRight";
				LD_RUNPATH_SEARCH_PATHS = (
					"$(inherited)",
					"@executable_path/Frameworks",
				);
				MARKETING_VERSION = 1.0;
				PRODUCT_BUNDLE_IDENTIFIER = "Rogerio-Martins.CollectionViewCompositionLayout";
				PRODUCT_NAME = "$(TARGET_NAME)";
				SWIFT_EMIT_LOC_STRINGS = YES;
				SWIFT_VERSION = 5.0;
				TARGETED_DEVICE_FAMILY = "1,2";
			};
			name = Debug;
		};
		B698F54529FEC6CC0044359E /* Release */ = {
			isa = XCBuildConfiguration;
			baseConfigurationReference = 555D84AF6A219BD4635F105B /* Pods-CollectionViewCompositionLayout.release.xcconfig */;
			buildSettings = {
				ASSETCATALOG_COMPILER_APPICON_NAME = AppIcon;
				ASSETCATALOG_COMPILER_GLOBAL_ACCENT_COLOR_NAME = AccentColor;
				CODE_SIGN_STYLE = Automatic;
				CURRENT_PROJECT_VERSION = 1;
				GENERATE_INFOPLIST_FILE = YES;
				INFOPLIST_FILE = CollectionViewCompositionLayout/Info.plist;
				INFOPLIST_KEY_UIApplicationSupportsIndirectInputEvents = YES;
				INFOPLIST_KEY_UILaunchStoryboardName = LaunchScreen;
				INFOPLIST_KEY_UIMainStoryboardFile = "";
				INFOPLIST_KEY_UISupportedInterfaceOrientations_iPad = "UIInterfaceOrientationPortrait UIInterfaceOrientationPortraitUpsideDown UIInterfaceOrientationLandscapeLeft UIInterfaceOrientationLandscapeRight";
				INFOPLIST_KEY_UISupportedInterfaceOrientations_iPhone = "UIInterfaceOrientationPortrait UIInterfaceOrientationLandscapeLeft UIInterfaceOrientationLandscapeRight";
				LD_RUNPATH_SEARCH_PATHS = (
					"$(inherited)",
					"@executable_path/Frameworks",
				);
				MARKETING_VERSION = 1.0;
				PRODUCT_BUNDLE_IDENTIFIER = "Rogerio-Martins.CollectionViewCompositionLayout";
				PRODUCT_NAME = "$(TARGET_NAME)";
				SWIFT_EMIT_LOC_STRINGS = YES;
				SWIFT_VERSION = 5.0;
				TARGETED_DEVICE_FAMILY = "1,2";
			};
			name = Release;
		};
/* End XCBuildConfiguration section */

/* Begin XCConfigurationList section */
		B698F52A29FEC6CA0044359E /* Build configuration list for PBXProject "CollectionViewCompositionLayout" */ = {
			isa = XCConfigurationList;
			buildConfigurations = (
				B698F54129FEC6CC0044359E /* Debug */,
				B698F54229FEC6CC0044359E /* Release */,
			);
			defaultConfigurationIsVisible = 0;
			defaultConfigurationName = Release;
		};
		B698F54329FEC6CC0044359E /* Build configuration list for PBXNativeTarget "CollectionViewCompositionLayout" */ = {
			isa = XCConfigurationList;
			buildConfigurations = (
				B698F54429FEC6CC0044359E /* Debug */,
				B698F54529FEC6CC0044359E /* Release */,
			);
			defaultConfigurationIsVisible = 0;
			defaultConfigurationName = Release;
		};
/* End XCConfigurationList section */
	};
	rootObject = B698F52729FEC6CA0044359E /* Project object */;
}
